
Microsoft Visual Studio Solution File, Format Version 12.00
# Visual Studio Version 17
VisualStudioVersion = 17.12.35707.178 d17.12
MinimumVisualStudioVersion = 10.0.40219.1
Project("{FAE04EC0-301F-11D3-BF4B-00C04F79EFBC}") = "Registration-signUp-app", "Registration-signUp-app\Registration-signUp-app.csproj", "{468F2BFE-CB80-4F8F-AE8E-74D4BDADD553}"
EndProject
Global
	GlobalSection(SolutionConfigurationPlatforms) = preSolution
		Debug|Any CPU = Debug|Any CPU
		Release|Any CPU = Release|Any CPU
	EndGlobalSection
	GlobalSection(ProjectConfigurationPlatforms) = postSolution
		{468F2BFE-CB80-4F8F-AE8E-74D4BDADD553}.Debug|Any CPU.ActiveCfg = Debug|Any CPU
		{468F2BFE-CB80-4F8F-AE8E-74D4BDADD553}.Debug|Any CPU.Build.0 = Debug|Any CPU
		{468F2BFE-CB80-4F8F-AE8E-74D4BDADD553}.Release|Any CPU.ActiveCfg = Release|Any CPU
		{468F2BFE-CB80-4F8F-AE8E-74D4BDADD553}.Release|Any CPU.Build.0 = Release|Any CPU
	EndGlobalSection
	GlobalSection(SolutionProperties) = preSolution
		HideSolutionNode = FALSE
	EndGlobalSection
EndGlobal
